{
  "name": "swapman",
  "version": "1.0.0",
  "lockfileVersion": 1,
  "requires": true,
  "dependencies": {
    "cli-table-cjk": {
      "version": "0.0.1",
      "resolved": "http://registry.npm.release.ctripcorp.com/cli-table-cjk/download/cli-table-cjk-0.0.1.tgz",
      "integrity": "sha1-wuJ8rRuWw65ZnPUxxCgb/DHpzR4=",
      "requires": {
        "colors": "1.0.3",
        "wcwidth": "*"
      }
    },
    "clone": {
      "version": "1.0.4",
      "resolved": "http://registry.npm.release.ctripcorp.com/clone/download/clone-1.0.4.tgz",
      "integrity": "sha1-2jCcwmPfFZlMaIypAheco8fNfH4="
    },
    "colors": {
      "version": "1.0.3",
      "resolved": "http://registry.npm.release.ctripcorp.com/colors/download/colors-1.0.3.tgz",
      "integrity": "sha1-BDP0TYCWgP3rYO0mDxsMJi6CpAs="
    },
    "defaults": {
      "version": "1.0.3",
      "resolved": "http://registry.npm.release.ctripcorp.com/defaults/download/defaults-1.0.3.tgz",
      "integrity": "sha1-xlYFHpgX2f8I7YgUd/P+QBnz730=",
      "requires": {
        "clone": "^1.0.2"
      }
    },
    "pretty-bytes": {
      "version": "5.6.0",
      "resolved": "http://registry.npm.release.ctripcorp.com/pretty-bytes/download/pretty-bytes-5.6.0.tgz",
      "integrity": "sha1-NWJW9kOAR3PIL2RyP+eMksYr6us="
    },
    "wcwidth": {
      "version": "1.0.1",
      "resolved": "http://registry.npm.release.ctripcorp.com/wcwidth/download/wcwidth-1.0.1.tgz",
      "integrity": "sha1-8LDc+RW8X/FSivrbLA4XtTLaL+g=",
      "requires": {
        "defaults": "^1.0.3"
      }
    }
  }
}
